{
  "nodes": {
    "base16": {
      "inputs": {
        "nixpkgs": [
          "nixpkgs"
        ]
      },
      "locked": {
        "lastModified": 1643556194,
        "narHash": "sha256-mU/pD30cIRcodLROhbIpRuEoEsO9aV5lDrYav0ZSIUA=",
        "owner": "SenchoPens",
        "repo": "base16.nix",
        "rev": "abc25e69d0e18ce54dbe6d95a531c4d63ed59932",
        "type": "github"
      },
      "original": {
        "owner": "SenchoPens",
        "repo": "base16.nix",
        "type": "github"
      }
    },
    "base16-atlas-scheme": {
      "flake": false,
      "locked": {
        "lastModified": 1538613261,
        "narHash": "sha256-l0WzTUSvLgsL+ExcgdMzXoJnfVQvKr8Jk5uKI6Li8CU=",
        "owner": "ajlende",
        "repo": "base16-atlas-scheme",
        "rev": "55fe308a8d93a31c1bd55e80ff573b11511b6cf3",
        "type": "github"
      },
      "original": {
        "owner": "ajlende",
        "repo": "base16-atlas-scheme",
        "type": "github"
      }
    },
    "base16-mako": {
      "flake": false,
      "locked": {
        "lastModified": 1584466459,
        "narHash": "sha256-83csG/gORJlPg9sOlOeWgAH9KYgt+cgrJJNXMuIaVBQ=",
        "owner": "stacyharper",
        "repo": "base16-mako",
        "rev": "f46c99682c03d30f52436741f1902db36738bf06",
        "type": "github"
      },
      "original": {
        "owner": "stacyharper",
        "repo": "base16-mako",
        "type": "github"
      }
    },
    "home-manager": {
      "inputs": {
        "nixpkgs": "nixpkgs"
      },
      "locked": {
        "lastModified": 1648834319,
        "narHash": "sha256-i5Aj4Aw64D/A0X6XW5LxSS4XBnYj7gMz+kN4dpsbdk8=",
        "owner": "rycee",
        "repo": "home-manager",
        "rev": "0bdbdea2e26c984b096f4f7d10e3c88536a980b0",
        "type": "github"
      },
      "original": {
        "owner": "rycee",
        "ref": "release-21.11",
        "repo": "home-manager",
        "type": "github"
      }
    },
    "nixpkgs": {
      "locked": {
        "lastModified": 1648219316,
        "narHash": "sha256-Ctij+dOi0ZZIfX5eMhgwugfvB+WZSrvVNAyAuANOsnQ=",
        "owner": "NixOS",
        "repo": "nixpkgs",
        "rev": "30d3d79b7d3607d56546dd2a6b49e156ba0ec634",
        "type": "github"
      },
      "original": {
        "id": "nixpkgs",
        "type": "indirect"
      }
    },
    "nixpkgs_2": {
      "locked": {
        "lastModified": 1648965846,
        "narHash": "sha256-xaO0KS+sgZLYrhaQNjVe6eRcOUIM1mEkAjT+dRbPblU=",
        "owner": "NixOS",
        "repo": "nixpkgs",
        "rev": "0aac710801aec4ba545527cf41a5706028fe6271",
        "type": "github"
      },
      "original": {
        "id": "nixpkgs",
        "ref": "nixos-21.11",
        "type": "indirect"
      }
    },
    "root": {
      "inputs": {
        "base16": "base16",
        "base16-atlas-scheme": "base16-atlas-scheme",
        "base16-mako": "base16-mako",
        "home-manager": "home-manager",
        "nixpkgs": "nixpkgs_2",
        "vt-colors": "vt-colors"
      }
    },
    "vt-colors": {
      "locked": {
        "narHash": "sha256-pDRx6NkD9qW8FY/AHzk3SaRktqre0rzCgqY603LtBhc=",
        "path": "/home/spacecadet/Documents/projects/vt-colors",
        "type": "path"
      },
      "original": {
        "path": "/home/spacecadet/Documents/projects/vt-colors",
        "type": "path"
      }
    }
  },
  "root": "root",
  "version": 7
}
